
Microsoft Visual Studio Solution File, Format Version 12.00
# Visual Studio Version 17
VisualStudioVersion = 17.5.33502.453
MinimumVisualStudioVersion = 10.0.40219.1
Project("{FAE04EC0-301F-11D3-BF4B-00C04F79EFBC}") = "findeven", "findeven\findeven.csproj", "{ECA94899-8BAB-4A27-AF0F-07814D010EA3}"
EndProject
Global
	GlobalSection(SolutionConfigurationPlatforms) = preSolution
		Debug|Any CPU = Debug|Any CPU
		Release|Any CPU = Release|Any CPU
	EndGlobalSection
	GlobalSection(ProjectConfigurationPlatforms) = postSolution
		{ECA94899-8BAB-4A27-AF0F-07814D010EA3}.Debug|Any CPU.ActiveCfg = Debug|Any CPU
		{ECA94899-8BAB-4A27-AF0F-07814D010EA3}.Debug|Any CPU.Build.0 = Debug|Any CPU
		{ECA94899-8BAB-4A27-AF0F-07814D010EA3}.Release|Any CPU.ActiveCfg = Release|Any CPU
		{ECA94899-8BAB-4A27-AF0F-07814D010EA3}.Release|Any CPU.Build.0 = Release|Any CPU
	EndGlobalSection
	GlobalSection(SolutionProperties) = preSolution
		HideSolutionNode = FALSE
	EndGlobalSection
	GlobalSection(ExtensibilityGlobals) = postSolution
		SolutionGuid = {91301A69-4490-4738-97F1-CB25598CB197}
	EndGlobalSection
EndGlobal
