
Microsoft Visual Studio Solution File, Format Version 12.00
# Visual Studio Version 17
VisualStudioVersion = 17.6.33723.286
MinimumVisualStudioVersion = 10.0.40219.1
Project("{FAE04EC0-301F-11D3-BF4B-00C04F79EFBC}") = "OrderDetails", "OrderDetails\OrderDetails.csproj", "{CC4B9F70-61E9-4380-A812-91F3154A86A8}"
EndProject
Global
	GlobalSection(SolutionConfigurationPlatforms) = preSolution
		Debug|Any CPU = Debug|Any CPU
		Release|Any CPU = Release|Any CPU
	EndGlobalSection
	GlobalSection(ProjectConfigurationPlatforms) = postSolution
		{CC4B9F70-61E9-4380-A812-91F3154A86A8}.Debug|Any CPU.ActiveCfg = Debug|Any CPU
		{CC4B9F70-61E9-4380-A812-91F3154A86A8}.Debug|Any CPU.Build.0 = Debug|Any CPU
		{CC4B9F70-61E9-4380-A812-91F3154A86A8}.Release|Any CPU.ActiveCfg = Release|Any CPU
		{CC4B9F70-61E9-4380-A812-91F3154A86A8}.Release|Any CPU.Build.0 = Release|Any CPU
	EndGlobalSection
	GlobalSection(SolutionProperties) = preSolution
		HideSolutionNode = FALSE
	EndGlobalSection
	GlobalSection(ExtensibilityGlobals) = postSolution
		SolutionGuid = {839A6319-A5FC-402C-AE6C-A815EC4A3CF0}
	EndGlobalSection
EndGlobal
