
Microsoft Visual Studio Solution File, Format Version 12.00
# Visual Studio Version 17
VisualStudioVersion = 17.5.33502.453
MinimumVisualStudioVersion = 10.0.40219.1
Project("{FAE04EC0-301F-11D3-BF4B-00C04F79EFBC}") = "using non static example", "using non static example\using non static example.csproj", "{882DB2B2-3D4B-461A-B5FF-284F03F7FEEF}"
EndProject
Global
	GlobalSection(SolutionConfigurationPlatforms) = preSolution
		Debug|Any CPU = Debug|Any CPU
		Release|Any CPU = Release|Any CPU
	EndGlobalSection
	GlobalSection(ProjectConfigurationPlatforms) = postSolution
		{882DB2B2-3D4B-461A-B5FF-284F03F7FEEF}.Debug|Any CPU.ActiveCfg = Debug|Any CPU
		{882DB2B2-3D4B-461A-B5FF-284F03F7FEEF}.Debug|Any CPU.Build.0 = Debug|Any CPU
		{882DB2B2-3D4B-461A-B5FF-284F03F7FEEF}.Release|Any CPU.ActiveCfg = Release|Any CPU
		{882DB2B2-3D4B-461A-B5FF-284F03F7FEEF}.Release|Any CPU.Build.0 = Release|Any CPU
	EndGlobalSection
	GlobalSection(SolutionProperties) = preSolution
		HideSolutionNode = FALSE
	EndGlobalSection
	GlobalSection(ExtensibilityGlobals) = postSolution
		SolutionGuid = {CB57F961-72AE-4D8E-9F34-C37F14395633}
	EndGlobalSection
EndGlobal
