
Microsoft Visual Studio Solution File, Format Version 12.00
# Visual Studio Version 17
VisualStudioVersion = 17.6.33723.286
MinimumVisualStudioVersion = 10.0.40219.1
Project("{FAE04EC0-301F-11D3-BF4B-00C04F79EFBC}") = "viewset asp of client side", "viewset asp of client side\viewset asp of client side.csproj", "{541330B2-B2A8-472D-AA7E-49494D4FBBE2}"
EndProject
Global
	GlobalSection(SolutionConfigurationPlatforms) = preSolution
		Debug|Any CPU = Debug|Any CPU
		Release|Any CPU = Release|Any CPU
	EndGlobalSection
	GlobalSection(ProjectConfigurationPlatforms) = postSolution
		{541330B2-B2A8-472D-AA7E-49494D4FBBE2}.Debug|Any CPU.ActiveCfg = Debug|Any CPU
		{541330B2-B2A8-472D-AA7E-49494D4FBBE2}.Debug|Any CPU.Build.0 = Debug|Any CPU
		{541330B2-B2A8-472D-AA7E-49494D4FBBE2}.Release|Any CPU.ActiveCfg = Release|Any CPU
		{541330B2-B2A8-472D-AA7E-49494D4FBBE2}.Release|Any CPU.Build.0 = Release|Any CPU
	EndGlobalSection
	GlobalSection(SolutionProperties) = preSolution
		HideSolutionNode = FALSE
	EndGlobalSection
	GlobalSection(ExtensibilityGlobals) = postSolution
		SolutionGuid = {D77FE410-1968-485B-964E-D8A0C4E6236F}
	EndGlobalSection
EndGlobal
