
Microsoft Visual Studio Solution File, Format Version 12.00
# Visual Studio Version 17
VisualStudioVersion = 17.5.33502.453
MinimumVisualStudioVersion = 10.0.40219.1
Project("{FAE04EC0-301F-11D3-BF4B-00C04F79EFBC}") = "float", "float\float.csproj", "{B9FC0179-BE6F-46FB-8C20-0BAE337D6099}"
EndProject
Global
	GlobalSection(SolutionConfigurationPlatforms) = preSolution
		Debug|Any CPU = Debug|Any CPU
		Release|Any CPU = Release|Any CPU
	EndGlobalSection
	GlobalSection(ProjectConfigurationPlatforms) = postSolution
		{B9FC0179-BE6F-46FB-8C20-0BAE337D6099}.Debug|Any CPU.ActiveCfg = Debug|Any CPU
		{B9FC0179-BE6F-46FB-8C20-0BAE337D6099}.Debug|Any CPU.Build.0 = Debug|Any CPU
		{B9FC0179-BE6F-46FB-8C20-0BAE337D6099}.Release|Any CPU.ActiveCfg = Release|Any CPU
		{B9FC0179-BE6F-46FB-8C20-0BAE337D6099}.Release|Any CPU.Build.0 = Release|Any CPU
	EndGlobalSection
	GlobalSection(SolutionProperties) = preSolution
		HideSolutionNode = FALSE
	EndGlobalSection
	GlobalSection(ExtensibilityGlobals) = postSolution
		SolutionGuid = {2D7C217A-1604-4394-8B67-31E7313FCC4A}
	EndGlobalSection
EndGlobal
