
Microsoft Visual Studio Solution File, Format Version 12.00
# Visual Studio Version 17
VisualStudioVersion = 17.5.33502.453
MinimumVisualStudioVersion = 10.0.40219.1
Project("{FAE04EC0-301F-11D3-BF4B-00C04F79EFBC}") = "creare two windows from addition", "creare two windows from addition\creare two windows from addition.csproj", "{692480B9-4853-4D74-8D2B-5463DBAC807F}"
EndProject
Global
	GlobalSection(SolutionConfigurationPlatforms) = preSolution
		Debug|Any CPU = Debug|Any CPU
		Release|Any CPU = Release|Any CPU
	EndGlobalSection
	GlobalSection(ProjectConfigurationPlatforms) = postSolution
		{692480B9-4853-4D74-8D2B-5463DBAC807F}.Debug|Any CPU.ActiveCfg = Debug|Any CPU
		{692480B9-4853-4D74-8D2B-5463DBAC807F}.Debug|Any CPU.Build.0 = Debug|Any CPU
		{692480B9-4853-4D74-8D2B-5463DBAC807F}.Release|Any CPU.ActiveCfg = Release|Any CPU
		{692480B9-4853-4D74-8D2B-5463DBAC807F}.Release|Any CPU.Build.0 = Release|Any CPU
	EndGlobalSection
	GlobalSection(SolutionProperties) = preSolution
		HideSolutionNode = FALSE
	EndGlobalSection
	GlobalSection(ExtensibilityGlobals) = postSolution
		SolutionGuid = {1DABB79E-2027-4E78-A195-CB1D443EBCF5}
	EndGlobalSection
EndGlobal
