
Microsoft Visual Studio Solution File, Format Version 12.00
# Visual Studio Version 17
VisualStudioVersion = 17.5.33502.453
MinimumVisualStudioVersion = 10.0.40219.1
Project("{FAE04EC0-301F-11D3-BF4B-00C04F79EFBC}") = "another ex single label", "another ex single label\another ex single label.csproj", "{A0027DDB-1C22-41FE-9979-7F514167520E}"
EndProject
Global
	GlobalSection(SolutionConfigurationPlatforms) = preSolution
		Debug|Any CPU = Debug|Any CPU
		Release|Any CPU = Release|Any CPU
	EndGlobalSection
	GlobalSection(ProjectConfigurationPlatforms) = postSolution
		{A0027DDB-1C22-41FE-9979-7F514167520E}.Debug|Any CPU.ActiveCfg = Debug|Any CPU
		{A0027DDB-1C22-41FE-9979-7F514167520E}.Debug|Any CPU.Build.0 = Debug|Any CPU
		{A0027DDB-1C22-41FE-9979-7F514167520E}.Release|Any CPU.ActiveCfg = Release|Any CPU
		{A0027DDB-1C22-41FE-9979-7F514167520E}.Release|Any CPU.Build.0 = Release|Any CPU
	EndGlobalSection
	GlobalSection(SolutionProperties) = preSolution
		HideSolutionNode = FALSE
	EndGlobalSection
	GlobalSection(ExtensibilityGlobals) = postSolution
		SolutionGuid = {02E3DF3E-52F3-4F96-A9CF-23E1E01FB815}
	EndGlobalSection
EndGlobal
