
Microsoft Visual Studio Solution File, Format Version 12.00
# Visual Studio Version 17
VisualStudioVersion = 17.6.33723.286
MinimumVisualStudioVersion = 10.0.40219.1
Project("{FAE04EC0-301F-11D3-BF4B-00C04F79EFBC}") = "valaidation control revesion", "valaidation control revesion\valaidation control revesion.csproj", "{4495802D-1241-4D81-A3E9-3CE2D5D96A0F}"
EndProject
Global
	GlobalSection(SolutionConfigurationPlatforms) = preSolution
		Debug|Any CPU = Debug|Any CPU
		Release|Any CPU = Release|Any CPU
	EndGlobalSection
	GlobalSection(ProjectConfigurationPlatforms) = postSolution
		{4495802D-1241-4D81-A3E9-3CE2D5D96A0F}.Debug|Any CPU.ActiveCfg = Debug|Any CPU
		{4495802D-1241-4D81-A3E9-3CE2D5D96A0F}.Debug|Any CPU.Build.0 = Debug|Any CPU
		{4495802D-1241-4D81-A3E9-3CE2D5D96A0F}.Release|Any CPU.ActiveCfg = Release|Any CPU
		{4495802D-1241-4D81-A3E9-3CE2D5D96A0F}.Release|Any CPU.Build.0 = Release|Any CPU
	EndGlobalSection
	GlobalSection(SolutionProperties) = preSolution
		HideSolutionNode = FALSE
	EndGlobalSection
	GlobalSection(ExtensibilityGlobals) = postSolution
		SolutionGuid = {3F033912-5521-4D99-8B22-D434A6AFF53E}
	EndGlobalSection
EndGlobal
