
Microsoft Visual Studio Solution File, Format Version 12.00
# Visual Studio Version 17
VisualStudioVersion = 17.6.33723.286
MinimumVisualStudioVersion = 10.0.40219.1
Project("{FAE04EC0-301F-11D3-BF4B-00C04F79EFBC}") = "gridviewexample using ado.net", "gridviewexample using ado.net\gridviewexample using ado.net.csproj", "{735C868A-171A-4960-89EF-EF5E208E123B}"
EndProject
Global
	GlobalSection(SolutionConfigurationPlatforms) = preSolution
		Debug|Any CPU = Debug|Any CPU
		Release|Any CPU = Release|Any CPU
	EndGlobalSection
	GlobalSection(ProjectConfigurationPlatforms) = postSolution
		{735C868A-171A-4960-89EF-EF5E208E123B}.Debug|Any CPU.ActiveCfg = Debug|Any CPU
		{735C868A-171A-4960-89EF-EF5E208E123B}.Debug|Any CPU.Build.0 = Debug|Any CPU
		{735C868A-171A-4960-89EF-EF5E208E123B}.Release|Any CPU.ActiveCfg = Release|Any CPU
		{735C868A-171A-4960-89EF-EF5E208E123B}.Release|Any CPU.Build.0 = Release|Any CPU
	EndGlobalSection
	GlobalSection(SolutionProperties) = preSolution
		HideSolutionNode = FALSE
	EndGlobalSection
	GlobalSection(ExtensibilityGlobals) = postSolution
		SolutionGuid = {E5206E1B-039F-4689-813F-2C43536D88D9}
	EndGlobalSection
EndGlobal
