
Microsoft Visual Studio Solution File, Format Version 12.00
# Visual Studio Version 17
VisualStudioVersion = 17.6.33723.286
MinimumVisualStudioVersion = 10.0.40219.1
Project("{FAE04EC0-301F-11D3-BF4B-00C04F79EFBC}") = "execute and methods", "execute and methods\execute and methods.csproj", "{D9F2FDCD-343A-4D7F-A716-71F55B4E274A}"
EndProject
Global
	GlobalSection(SolutionConfigurationPlatforms) = preSolution
		Debug|Any CPU = Debug|Any CPU
		Release|Any CPU = Release|Any CPU
	EndGlobalSection
	GlobalSection(ProjectConfigurationPlatforms) = postSolution
		{D9F2FDCD-343A-4D7F-A716-71F55B4E274A}.Debug|Any CPU.ActiveCfg = Debug|Any CPU
		{D9F2FDCD-343A-4D7F-A716-71F55B4E274A}.Debug|Any CPU.Build.0 = Debug|Any CPU
		{D9F2FDCD-343A-4D7F-A716-71F55B4E274A}.Release|Any CPU.ActiveCfg = Release|Any CPU
		{D9F2FDCD-343A-4D7F-A716-71F55B4E274A}.Release|Any CPU.Build.0 = Release|Any CPU
	EndGlobalSection
	GlobalSection(SolutionProperties) = preSolution
		HideSolutionNode = FALSE
	EndGlobalSection
	GlobalSection(ExtensibilityGlobals) = postSolution
		SolutionGuid = {73653ABE-8871-45BB-9806-5F71358FD1C5}
	EndGlobalSection
EndGlobal
