
Microsoft Visual Studio Solution File, Format Version 12.00
# Visual Studio Version 17
VisualStudioVersion = 17.5.33502.453
MinimumVisualStudioVersion = 10.0.40219.1
Project("{FAE04EC0-301F-11D3-BF4B-00C04F79EFBC}") = "method parameter", "method parameter\method parameter.csproj", "{AF60B733-D595-46F4-9026-0ED9BA87D45F}"
EndProject
Global
	GlobalSection(SolutionConfigurationPlatforms) = preSolution
		Debug|Any CPU = Debug|Any CPU
		Release|Any CPU = Release|Any CPU
	EndGlobalSection
	GlobalSection(ProjectConfigurationPlatforms) = postSolution
		{AF60B733-D595-46F4-9026-0ED9BA87D45F}.Debug|Any CPU.ActiveCfg = Debug|Any CPU
		{AF60B733-D595-46F4-9026-0ED9BA87D45F}.Debug|Any CPU.Build.0 = Debug|Any CPU
		{AF60B733-D595-46F4-9026-0ED9BA87D45F}.Release|Any CPU.ActiveCfg = Release|Any CPU
		{AF60B733-D595-46F4-9026-0ED9BA87D45F}.Release|Any CPU.Build.0 = Release|Any CPU
	EndGlobalSection
	GlobalSection(SolutionProperties) = preSolution
		HideSolutionNode = FALSE
	EndGlobalSection
	GlobalSection(ExtensibilityGlobals) = postSolution
		SolutionGuid = {1BE33383-9B3C-4B3C-A8E8-4F2B8F9F4B67}
	EndGlobalSection
EndGlobal
