
Microsoft Visual Studio Solution File, Format Version 12.00
# Visual Studio Version 17
VisualStudioVersion = 17.5.33502.453
MinimumVisualStudioVersion = 10.0.40219.1
Project("{FAE04EC0-301F-11D3-BF4B-00C04F79EFBC}") = "range prime", "range prime\range prime.csproj", "{60D2AC35-7FB5-4CE5-A9F8-D56EB0CB733B}"
EndProject
Global
	GlobalSection(SolutionConfigurationPlatforms) = preSolution
		Debug|Any CPU = Debug|Any CPU
		Release|Any CPU = Release|Any CPU
	EndGlobalSection
	GlobalSection(ProjectConfigurationPlatforms) = postSolution
		{60D2AC35-7FB5-4CE5-A9F8-D56EB0CB733B}.Debug|Any CPU.ActiveCfg = Debug|Any CPU
		{60D2AC35-7FB5-4CE5-A9F8-D56EB0CB733B}.Debug|Any CPU.Build.0 = Debug|Any CPU
		{60D2AC35-7FB5-4CE5-A9F8-D56EB0CB733B}.Release|Any CPU.ActiveCfg = Release|Any CPU
		{60D2AC35-7FB5-4CE5-A9F8-D56EB0CB733B}.Release|Any CPU.Build.0 = Release|Any CPU
	EndGlobalSection
	GlobalSection(SolutionProperties) = preSolution
		HideSolutionNode = FALSE
	EndGlobalSection
	GlobalSection(ExtensibilityGlobals) = postSolution
		SolutionGuid = {3A034AD8-3776-4E94-9766-E87FC0C2B517}
	EndGlobalSection
EndGlobal
