
Microsoft Visual Studio Solution File, Format Version 12.00
# Visual Studio Version 17
VisualStudioVersion = 17.6.33723.286
MinimumVisualStudioVersion = 10.0.40219.1
Project("{FAE04EC0-301F-11D3-BF4B-00C04F79EFBC}") = "WebAppEcart", "WebAppEcart\WebAppEcart.csproj", "{FA20E526-1FA3-48C6-B860-D56C259CB4E5}"
EndProject
Global
	GlobalSection(SolutionConfigurationPlatforms) = preSolution
		Debug|Any CPU = Debug|Any CPU
		Release|Any CPU = Release|Any CPU
	EndGlobalSection
	GlobalSection(ProjectConfigurationPlatforms) = postSolution
		{FA20E526-1FA3-48C6-B860-D56C259CB4E5}.Debug|Any CPU.ActiveCfg = Debug|Any CPU
		{FA20E526-1FA3-48C6-B860-D56C259CB4E5}.Debug|Any CPU.Build.0 = Debug|Any CPU
		{FA20E526-1FA3-48C6-B860-D56C259CB4E5}.Release|Any CPU.ActiveCfg = Release|Any CPU
		{FA20E526-1FA3-48C6-B860-D56C259CB4E5}.Release|Any CPU.Build.0 = Release|Any CPU
	EndGlobalSection
	GlobalSection(SolutionProperties) = preSolution
		HideSolutionNode = FALSE
	EndGlobalSection
	GlobalSection(ExtensibilityGlobals) = postSolution
		SolutionGuid = {A513E76D-760D-4CE8-B133-A91C1D3C3438}
	EndGlobalSection
EndGlobal
