
Microsoft Visual Studio Solution File, Format Version 12.00
# Visual Studio Version 17
VisualStudioVersion = 17.6.33723.286
MinimumVisualStudioVersion = 10.0.40219.1
Project("{FAE04EC0-301F-11D3-BF4B-00C04F79EFBC}") = "classdll", "classdll\classdll.csproj", "{455DDF12-7A8F-4633-87D1-C603425645EB}"
EndProject
Global
	GlobalSection(SolutionConfigurationPlatforms) = preSolution
		Debug|Any CPU = Debug|Any CPU
		Release|Any CPU = Release|Any CPU
	EndGlobalSection
	GlobalSection(ProjectConfigurationPlatforms) = postSolution
		{455DDF12-7A8F-4633-87D1-C603425645EB}.Debug|Any CPU.ActiveCfg = Debug|Any CPU
		{455DDF12-7A8F-4633-87D1-C603425645EB}.Debug|Any CPU.Build.0 = Debug|Any CPU
		{455DDF12-7A8F-4633-87D1-C603425645EB}.Release|Any CPU.ActiveCfg = Release|Any CPU
		{455DDF12-7A8F-4633-87D1-C603425645EB}.Release|Any CPU.Build.0 = Release|Any CPU
	EndGlobalSection
	GlobalSection(SolutionProperties) = preSolution
		HideSolutionNode = FALSE
	EndGlobalSection
	GlobalSection(ExtensibilityGlobals) = postSolution
		SolutionGuid = {B90BE536-7097-45F5-BC33-AC2D6FA3CFC8}
	EndGlobalSection
EndGlobal
