
Microsoft Visual Studio Solution File, Format Version 12.00
# Visual Studio Version 17
VisualStudioVersion = 17.5.33502.453
MinimumVisualStudioVersion = 10.0.40219.1
Project("{FAE04EC0-301F-11D3-BF4B-00C04F79EFBC}") = "StudentForm", "StudentForm\StudentForm.csproj", "{90102B81-0056-40DF-9546-0D0BA702AA09}"
EndProject
Global
	GlobalSection(SolutionConfigurationPlatforms) = preSolution
		Debug|Any CPU = Debug|Any CPU
		Release|Any CPU = Release|Any CPU
	EndGlobalSection
	GlobalSection(ProjectConfigurationPlatforms) = postSolution
		{90102B81-0056-40DF-9546-0D0BA702AA09}.Debug|Any CPU.ActiveCfg = Debug|Any CPU
		{90102B81-0056-40DF-9546-0D0BA702AA09}.Debug|Any CPU.Build.0 = Debug|Any CPU
		{90102B81-0056-40DF-9546-0D0BA702AA09}.Release|Any CPU.ActiveCfg = Release|Any CPU
		{90102B81-0056-40DF-9546-0D0BA702AA09}.Release|Any CPU.Build.0 = Release|Any CPU
	EndGlobalSection
	GlobalSection(SolutionProperties) = preSolution
		HideSolutionNode = FALSE
	EndGlobalSection
	GlobalSection(ExtensibilityGlobals) = postSolution
		SolutionGuid = {0AA17989-97B3-4655-9B04-98942C63B19A}
	EndGlobalSection
EndGlobal
