
Microsoft Visual Studio Solution File, Format Version 12.00
# Visual Studio Version 17
VisualStudioVersion = 17.5.33502.453
MinimumVisualStudioVersion = 10.0.40219.1
Project("{FAE04EC0-301F-11D3-BF4B-00C04F79EFBC}") = "percent", "percent\percent.csproj", "{04180A87-8A66-4F62-ABA1-A3774FAA2549}"
EndProject
Global
	GlobalSection(SolutionConfigurationPlatforms) = preSolution
		Debug|Any CPU = Debug|Any CPU
		Release|Any CPU = Release|Any CPU
	EndGlobalSection
	GlobalSection(ProjectConfigurationPlatforms) = postSolution
		{04180A87-8A66-4F62-ABA1-A3774FAA2549}.Debug|Any CPU.ActiveCfg = Debug|Any CPU
		{04180A87-8A66-4F62-ABA1-A3774FAA2549}.Debug|Any CPU.Build.0 = Debug|Any CPU
		{04180A87-8A66-4F62-ABA1-A3774FAA2549}.Release|Any CPU.ActiveCfg = Release|Any CPU
		{04180A87-8A66-4F62-ABA1-A3774FAA2549}.Release|Any CPU.Build.0 = Release|Any CPU
	EndGlobalSection
	GlobalSection(SolutionProperties) = preSolution
		HideSolutionNode = FALSE
	EndGlobalSection
	GlobalSection(ExtensibilityGlobals) = postSolution
		SolutionGuid = {241DFDF8-2A56-4A16-9B1C-D0EDC13FB71E}
	EndGlobalSection
EndGlobal
