
Microsoft Visual Studio Solution File, Format Version 12.00
# Visual Studio Version 17
VisualStudioVersion = 17.6.33723.286
MinimumVisualStudioVersion = 10.0.40219.1
Project("{FAE04EC0-301F-11D3-BF4B-00C04F79EFBC}") = "website 1", "website 1\website 1.csproj", "{96379C72-6A5B-48E7-95F6-1EA917D8ED3F}"
EndProject
Global
	GlobalSection(SolutionConfigurationPlatforms) = preSolution
		Debug|Any CPU = Debug|Any CPU
		Release|Any CPU = Release|Any CPU
	EndGlobalSection
	GlobalSection(ProjectConfigurationPlatforms) = postSolution
		{96379C72-6A5B-48E7-95F6-1EA917D8ED3F}.Debug|Any CPU.ActiveCfg = Debug|Any CPU
		{96379C72-6A5B-48E7-95F6-1EA917D8ED3F}.Debug|Any CPU.Build.0 = Debug|Any CPU
		{96379C72-6A5B-48E7-95F6-1EA917D8ED3F}.Release|Any CPU.ActiveCfg = Release|Any CPU
		{96379C72-6A5B-48E7-95F6-1EA917D8ED3F}.Release|Any CPU.Build.0 = Release|Any CPU
	EndGlobalSection
	GlobalSection(SolutionProperties) = preSolution
		HideSolutionNode = FALSE
	EndGlobalSection
	GlobalSection(ExtensibilityGlobals) = postSolution
		SolutionGuid = {B70B31C7-AB52-45DD-8983-D03F05F4BFE4}
	EndGlobalSection
EndGlobal
