
Microsoft Visual Studio Solution File, Format Version 12.00
# Visual Studio Version 17
VisualStudioVersion = 17.6.33723.286
MinimumVisualStudioVersion = 10.0.40219.1
Project("{FAE04EC0-301F-11D3-BF4B-00C04F79EFBC}") = "SiteUsingMvc", "SiteUsingMvc\SiteUsingMvc.csproj", "{4187ACF9-BBE4-4FC5-8A82-F25E79D00F9F}"
EndProject
Global
	GlobalSection(SolutionConfigurationPlatforms) = preSolution
		Debug|Any CPU = Debug|Any CPU
		Release|Any CPU = Release|Any CPU
	EndGlobalSection
	GlobalSection(ProjectConfigurationPlatforms) = postSolution
		{4187ACF9-BBE4-4FC5-8A82-F25E79D00F9F}.Debug|Any CPU.ActiveCfg = Debug|Any CPU
		{4187ACF9-BBE4-4FC5-8A82-F25E79D00F9F}.Debug|Any CPU.Build.0 = Debug|Any CPU
		{4187ACF9-BBE4-4FC5-8A82-F25E79D00F9F}.Release|Any CPU.ActiveCfg = Release|Any CPU
		{4187ACF9-BBE4-4FC5-8A82-F25E79D00F9F}.Release|Any CPU.Build.0 = Release|Any CPU
	EndGlobalSection
	GlobalSection(SolutionProperties) = preSolution
		HideSolutionNode = FALSE
	EndGlobalSection
	GlobalSection(ExtensibilityGlobals) = postSolution
		SolutionGuid = {F1868786-1B59-4FC7-A920-03F130CD7C11}
	EndGlobalSection
EndGlobal
