
Microsoft Visual Studio Solution File, Format Version 12.00
# Visual Studio Version 17
VisualStudioVersion = 17.5.33502.453
MinimumVisualStudioVersion = 10.0.40219.1
Project("{FAE04EC0-301F-11D3-BF4B-00C04F79EFBC}") = "add personal data", "add personal data\add personal data.csproj", "{FBF35959-B1AA-4D90-9B9E-D96696F08705}"
EndProject
Global
	GlobalSection(SolutionConfigurationPlatforms) = preSolution
		Debug|Any CPU = Debug|Any CPU
		Release|Any CPU = Release|Any CPU
	EndGlobalSection
	GlobalSection(ProjectConfigurationPlatforms) = postSolution
		{FBF35959-B1AA-4D90-9B9E-D96696F08705}.Debug|Any CPU.ActiveCfg = Debug|Any CPU
		{FBF35959-B1AA-4D90-9B9E-D96696F08705}.Debug|Any CPU.Build.0 = Debug|Any CPU
		{FBF35959-B1AA-4D90-9B9E-D96696F08705}.Release|Any CPU.ActiveCfg = Release|Any CPU
		{FBF35959-B1AA-4D90-9B9E-D96696F08705}.Release|Any CPU.Build.0 = Release|Any CPU
	EndGlobalSection
	GlobalSection(SolutionProperties) = preSolution
		HideSolutionNode = FALSE
	EndGlobalSection
	GlobalSection(ExtensibilityGlobals) = postSolution
		SolutionGuid = {DE481464-4010-4655-ADBB-C1871CA8F60A}
	EndGlobalSection
EndGlobal
