
Microsoft Visual Studio Solution File, Format Version 12.00
# Visual Studio Version 17
VisualStudioVersion = 17.6.33723.286
MinimumVisualStudioVersion = 10.0.40219.1
Project("{FAE04EC0-301F-11D3-BF4B-00C04F79EFBC}") = "insert update delete using asp.net", "insert update delete using asp.net\insert update delete using asp.net.csproj", "{1D9DA592-F5F4-473C-926E-35BEE26BB28A}"
EndProject
Global
	GlobalSection(SolutionConfigurationPlatforms) = preSolution
		Debug|Any CPU = Debug|Any CPU
		Release|Any CPU = Release|Any CPU
	EndGlobalSection
	GlobalSection(ProjectConfigurationPlatforms) = postSolution
		{1D9DA592-F5F4-473C-926E-35BEE26BB28A}.Debug|Any CPU.ActiveCfg = Debug|Any CPU
		{1D9DA592-F5F4-473C-926E-35BEE26BB28A}.Debug|Any CPU.Build.0 = Debug|Any CPU
		{1D9DA592-F5F4-473C-926E-35BEE26BB28A}.Release|Any CPU.ActiveCfg = Release|Any CPU
		{1D9DA592-F5F4-473C-926E-35BEE26BB28A}.Release|Any CPU.Build.0 = Release|Any CPU
	EndGlobalSection
	GlobalSection(SolutionProperties) = preSolution
		HideSolutionNode = FALSE
	EndGlobalSection
	GlobalSection(ExtensibilityGlobals) = postSolution
		SolutionGuid = {D2EC989F-0525-4F57-A99F-56494024CC18}
	EndGlobalSection
EndGlobal
