
Microsoft Visual Studio Solution File, Format Version 12.00
# Visual Studio Version 17
VisualStudioVersion = 17.5.33502.453
MinimumVisualStudioVersion = 10.0.40219.1
Project("{FAE04EC0-301F-11D3-BF4B-00C04F79EFBC}") = "class product", "class product\class product.csproj", "{F860874A-F0D5-48B4-9EC2-E183AF67178E}"
EndProject
Global
	GlobalSection(SolutionConfigurationPlatforms) = preSolution
		Debug|Any CPU = Debug|Any CPU
		Release|Any CPU = Release|Any CPU
	EndGlobalSection
	GlobalSection(ProjectConfigurationPlatforms) = postSolution
		{F860874A-F0D5-48B4-9EC2-E183AF67178E}.Debug|Any CPU.ActiveCfg = Debug|Any CPU
		{F860874A-F0D5-48B4-9EC2-E183AF67178E}.Debug|Any CPU.Build.0 = Debug|Any CPU
		{F860874A-F0D5-48B4-9EC2-E183AF67178E}.Release|Any CPU.ActiveCfg = Release|Any CPU
		{F860874A-F0D5-48B4-9EC2-E183AF67178E}.Release|Any CPU.Build.0 = Release|Any CPU
	EndGlobalSection
	GlobalSection(SolutionProperties) = preSolution
		HideSolutionNode = FALSE
	EndGlobalSection
	GlobalSection(ExtensibilityGlobals) = postSolution
		SolutionGuid = {55B234B4-2AC8-4990-8E92-785524065B64}
	EndGlobalSection
EndGlobal
