
Microsoft Visual Studio Solution File, Format Version 12.00
# Visual Studio Version 17
VisualStudioVersion = 17.6.33723.286
MinimumVisualStudioVersion = 10.0.40219.1
Project("{FAE04EC0-301F-11D3-BF4B-00C04F79EFBC}") = "weakly_typedExample", "weakly_typedExample\weakly_typedExample.csproj", "{3C8912A9-1AFD-4C33-AF5A-C6385788ABBC}"
EndProject
Global
	GlobalSection(SolutionConfigurationPlatforms) = preSolution
		Debug|Any CPU = Debug|Any CPU
		Release|Any CPU = Release|Any CPU
	EndGlobalSection
	GlobalSection(ProjectConfigurationPlatforms) = postSolution
		{3C8912A9-1AFD-4C33-AF5A-C6385788ABBC}.Debug|Any CPU.ActiveCfg = Debug|Any CPU
		{3C8912A9-1AFD-4C33-AF5A-C6385788ABBC}.Debug|Any CPU.Build.0 = Debug|Any CPU
		{3C8912A9-1AFD-4C33-AF5A-C6385788ABBC}.Release|Any CPU.ActiveCfg = Release|Any CPU
		{3C8912A9-1AFD-4C33-AF5A-C6385788ABBC}.Release|Any CPU.Build.0 = Release|Any CPU
	EndGlobalSection
	GlobalSection(SolutionProperties) = preSolution
		HideSolutionNode = FALSE
	EndGlobalSection
	GlobalSection(ExtensibilityGlobals) = postSolution
		SolutionGuid = {7F814724-3EFD-4757-9E73-F192AA2A51E5}
	EndGlobalSection
EndGlobal
