
Microsoft Visual Studio Solution File, Format Version 12.00
# Visual Studio Version 17
VisualStudioVersion = 17.5.33502.453
MinimumVisualStudioVersion = 10.0.40219.1
Project("{FAE04EC0-301F-11D3-BF4B-00C04F79EFBC}") = "switchprog1", "switchprog1\switchprog1.csproj", "{315CAC84-B6DD-4FE9-AD21-EFB268D1E21A}"
EndProject
Global
	GlobalSection(SolutionConfigurationPlatforms) = preSolution
		Debug|Any CPU = Debug|Any CPU
		Release|Any CPU = Release|Any CPU
	EndGlobalSection
	GlobalSection(ProjectConfigurationPlatforms) = postSolution
		{315CAC84-B6DD-4FE9-AD21-EFB268D1E21A}.Debug|Any CPU.ActiveCfg = Debug|Any CPU
		{315CAC84-B6DD-4FE9-AD21-EFB268D1E21A}.Debug|Any CPU.Build.0 = Debug|Any CPU
		{315CAC84-B6DD-4FE9-AD21-EFB268D1E21A}.Release|Any CPU.ActiveCfg = Release|Any CPU
		{315CAC84-B6DD-4FE9-AD21-EFB268D1E21A}.Release|Any CPU.Build.0 = Release|Any CPU
	EndGlobalSection
	GlobalSection(SolutionProperties) = preSolution
		HideSolutionNode = FALSE
	EndGlobalSection
	GlobalSection(ExtensibilityGlobals) = postSolution
		SolutionGuid = {B21E0A68-2D61-46A2-8591-C7A0496E4623}
	EndGlobalSection
EndGlobal
