
Microsoft Visual Studio Solution File, Format Version 12.00
# Visual Studio Version 17
VisualStudioVersion = 17.5.33502.453
MinimumVisualStudioVersion = 10.0.40219.1
Project("{FAE04EC0-301F-11D3-BF4B-00C04F79EFBC}") = "fendhal revision", "fendhal revision\fendhal revision.csproj", "{B218295B-96F5-4789-AECD-9D60DCC85C6E}"
EndProject
Global
	GlobalSection(SolutionConfigurationPlatforms) = preSolution
		Debug|Any CPU = Debug|Any CPU
		Release|Any CPU = Release|Any CPU
	EndGlobalSection
	GlobalSection(ProjectConfigurationPlatforms) = postSolution
		{B218295B-96F5-4789-AECD-9D60DCC85C6E}.Debug|Any CPU.ActiveCfg = Debug|Any CPU
		{B218295B-96F5-4789-AECD-9D60DCC85C6E}.Debug|Any CPU.Build.0 = Debug|Any CPU
		{B218295B-96F5-4789-AECD-9D60DCC85C6E}.Release|Any CPU.ActiveCfg = Release|Any CPU
		{B218295B-96F5-4789-AECD-9D60DCC85C6E}.Release|Any CPU.Build.0 = Release|Any CPU
	EndGlobalSection
	GlobalSection(SolutionProperties) = preSolution
		HideSolutionNode = FALSE
	EndGlobalSection
	GlobalSection(ExtensibilityGlobals) = postSolution
		SolutionGuid = {95787B62-D5F6-4579-8579-5D29D4180F51}
	EndGlobalSection
EndGlobal
