
Microsoft Visual Studio Solution File, Format Version 12.00
# Visual Studio Version 17
VisualStudioVersion = 17.5.33502.453
MinimumVisualStudioVersion = 10.0.40219.1
Project("{FAE04EC0-301F-11D3-BF4B-00C04F79EFBC}") = "inheritance of class", "inheritance of class\inheritance of class.csproj", "{7A9A017D-F113-4C8D-8BBE-C48081833DFE}"
EndProject
Global
	GlobalSection(SolutionConfigurationPlatforms) = preSolution
		Debug|Any CPU = Debug|Any CPU
		Release|Any CPU = Release|Any CPU
	EndGlobalSection
	GlobalSection(ProjectConfigurationPlatforms) = postSolution
		{7A9A017D-F113-4C8D-8BBE-C48081833DFE}.Debug|Any CPU.ActiveCfg = Debug|Any CPU
		{7A9A017D-F113-4C8D-8BBE-C48081833DFE}.Debug|Any CPU.Build.0 = Debug|Any CPU
		{7A9A017D-F113-4C8D-8BBE-C48081833DFE}.Release|Any CPU.ActiveCfg = Release|Any CPU
		{7A9A017D-F113-4C8D-8BBE-C48081833DFE}.Release|Any CPU.Build.0 = Release|Any CPU
	EndGlobalSection
	GlobalSection(SolutionProperties) = preSolution
		HideSolutionNode = FALSE
	EndGlobalSection
	GlobalSection(ExtensibilityGlobals) = postSolution
		SolutionGuid = {7392DF2C-3A88-4FAD-9D57-238E0CEB58D1}
	EndGlobalSection
EndGlobal
