
Microsoft Visual Studio Solution File, Format Version 12.00
# Visual Studio Version 17
VisualStudioVersion = 17.5.33502.453
MinimumVisualStudioVersion = 10.0.40219.1
Project("{FAE04EC0-301F-11D3-BF4B-00C04F79EFBC}") = "static constructor", "static constructor\static constructor.csproj", "{4A1D5A70-4E42-4D87-B84A-7922E53871EA}"
EndProject
Global
	GlobalSection(SolutionConfigurationPlatforms) = preSolution
		Debug|Any CPU = Debug|Any CPU
		Release|Any CPU = Release|Any CPU
	EndGlobalSection
	GlobalSection(ProjectConfigurationPlatforms) = postSolution
		{4A1D5A70-4E42-4D87-B84A-7922E53871EA}.Debug|Any CPU.ActiveCfg = Debug|Any CPU
		{4A1D5A70-4E42-4D87-B84A-7922E53871EA}.Debug|Any CPU.Build.0 = Debug|Any CPU
		{4A1D5A70-4E42-4D87-B84A-7922E53871EA}.Release|Any CPU.ActiveCfg = Release|Any CPU
		{4A1D5A70-4E42-4D87-B84A-7922E53871EA}.Release|Any CPU.Build.0 = Release|Any CPU
	EndGlobalSection
	GlobalSection(SolutionProperties) = preSolution
		HideSolutionNode = FALSE
	EndGlobalSection
	GlobalSection(ExtensibilityGlobals) = postSolution
		SolutionGuid = {74003E74-9823-4751-8F69-F98181D7F6ED}
	EndGlobalSection
EndGlobal
