
Microsoft Visual Studio Solution File, Format Version 12.00
# Visual Studio Version 17
VisualStudioVersion = 17.5.33502.453
MinimumVisualStudioVersion = 10.0.40219.1
Project("{FAE04EC0-301F-11D3-BF4B-00C04F79EFBC}") = "subjectmarks", "subjectmarks\subjectmarks.csproj", "{AFA771CF-2DDC-4A80-ADAD-4D0F1947FD81}"
EndProject
Global
	GlobalSection(SolutionConfigurationPlatforms) = preSolution
		Debug|Any CPU = Debug|Any CPU
		Release|Any CPU = Release|Any CPU
	EndGlobalSection
	GlobalSection(ProjectConfigurationPlatforms) = postSolution
		{AFA771CF-2DDC-4A80-ADAD-4D0F1947FD81}.Debug|Any CPU.ActiveCfg = Debug|Any CPU
		{AFA771CF-2DDC-4A80-ADAD-4D0F1947FD81}.Debug|Any CPU.Build.0 = Debug|Any CPU
		{AFA771CF-2DDC-4A80-ADAD-4D0F1947FD81}.Release|Any CPU.ActiveCfg = Release|Any CPU
		{AFA771CF-2DDC-4A80-ADAD-4D0F1947FD81}.Release|Any CPU.Build.0 = Release|Any CPU
	EndGlobalSection
	GlobalSection(SolutionProperties) = preSolution
		HideSolutionNode = FALSE
	EndGlobalSection
	GlobalSection(ExtensibilityGlobals) = postSolution
		SolutionGuid = {D36A98D8-FA9B-44A6-9AC5-C0A59BEE50A2}
	EndGlobalSection
EndGlobal
