
Microsoft Visual Studio Solution File, Format Version 12.00
# Visual Studio Version 17
VisualStudioVersion = 17.5.33502.453
MinimumVisualStudioVersion = 10.0.40219.1
Project("{FAE04EC0-301F-11D3-BF4B-00C04F79EFBC}") = "hierachical inheritance", "hierachical inheritance\hierachical inheritance.csproj", "{4188C0E5-0443-4032-80CF-F6F2C89D42F5}"
EndProject
Global
	GlobalSection(SolutionConfigurationPlatforms) = preSolution
		Debug|Any CPU = Debug|Any CPU
		Release|Any CPU = Release|Any CPU
	EndGlobalSection
	GlobalSection(ProjectConfigurationPlatforms) = postSolution
		{4188C0E5-0443-4032-80CF-F6F2C89D42F5}.Debug|Any CPU.ActiveCfg = Debug|Any CPU
		{4188C0E5-0443-4032-80CF-F6F2C89D42F5}.Debug|Any CPU.Build.0 = Debug|Any CPU
		{4188C0E5-0443-4032-80CF-F6F2C89D42F5}.Release|Any CPU.ActiveCfg = Release|Any CPU
		{4188C0E5-0443-4032-80CF-F6F2C89D42F5}.Release|Any CPU.Build.0 = Release|Any CPU
	EndGlobalSection
	GlobalSection(SolutionProperties) = preSolution
		HideSolutionNode = FALSE
	EndGlobalSection
	GlobalSection(ExtensibilityGlobals) = postSolution
		SolutionGuid = {97F38439-580B-443F-B8D3-FCE27E6C7AF6}
	EndGlobalSection
EndGlobal
