
Microsoft Visual Studio Solution File, Format Version 12.00
# Visual Studio Version 17
VisualStudioVersion = 17.6.33723.286
MinimumVisualStudioVersion = 10.0.40219.1
Project("{FAE04EC0-301F-11D3-BF4B-00C04F79EFBC}") = "collection", "collection\collection.csproj", "{BC649AF3-C48E-461F-B084-DA0F8821E608}"
EndProject
Global
	GlobalSection(SolutionConfigurationPlatforms) = preSolution
		Debug|Any CPU = Debug|Any CPU
		Release|Any CPU = Release|Any CPU
	EndGlobalSection
	GlobalSection(ProjectConfigurationPlatforms) = postSolution
		{BC649AF3-C48E-461F-B084-DA0F8821E608}.Debug|Any CPU.ActiveCfg = Debug|Any CPU
		{BC649AF3-C48E-461F-B084-DA0F8821E608}.Debug|Any CPU.Build.0 = Debug|Any CPU
		{BC649AF3-C48E-461F-B084-DA0F8821E608}.Release|Any CPU.ActiveCfg = Release|Any CPU
		{BC649AF3-C48E-461F-B084-DA0F8821E608}.Release|Any CPU.Build.0 = Release|Any CPU
	EndGlobalSection
	GlobalSection(SolutionProperties) = preSolution
		HideSolutionNode = FALSE
	EndGlobalSection
	GlobalSection(ExtensibilityGlobals) = postSolution
		SolutionGuid = {0F046016-4009-4928-8896-9D9683803741}
	EndGlobalSection
EndGlobal
