
Microsoft Visual Studio Solution File, Format Version 12.00
# Visual Studio Version 17
VisualStudioVersion = 17.5.33502.453
MinimumVisualStudioVersion = 10.0.40219.1
Project("{FAE04EC0-301F-11D3-BF4B-00C04F79EFBC}") = "add two no", "add two no\add two no.csproj", "{ACDA751F-D976-4DB1-96E9-2DE457FD02D9}"
EndProject
Global
	GlobalSection(SolutionConfigurationPlatforms) = preSolution
		Debug|Any CPU = Debug|Any CPU
		Release|Any CPU = Release|Any CPU
	EndGlobalSection
	GlobalSection(ProjectConfigurationPlatforms) = postSolution
		{ACDA751F-D976-4DB1-96E9-2DE457FD02D9}.Debug|Any CPU.ActiveCfg = Debug|Any CPU
		{ACDA751F-D976-4DB1-96E9-2DE457FD02D9}.Debug|Any CPU.Build.0 = Debug|Any CPU
		{ACDA751F-D976-4DB1-96E9-2DE457FD02D9}.Release|Any CPU.ActiveCfg = Release|Any CPU
		{ACDA751F-D976-4DB1-96E9-2DE457FD02D9}.Release|Any CPU.Build.0 = Release|Any CPU
	EndGlobalSection
	GlobalSection(SolutionProperties) = preSolution
		HideSolutionNode = FALSE
	EndGlobalSection
	GlobalSection(ExtensibilityGlobals) = postSolution
		SolutionGuid = {A9809ADE-850E-49F1-805E-9F73B2B43EBB}
	EndGlobalSection
EndGlobal
