
Microsoft Visual Studio Solution File, Format Version 12.00
# Visual Studio Version 17
VisualStudioVersion = 17.5.33502.453
MinimumVisualStudioVersion = 10.0.40219.1
Project("{FAE04EC0-301F-11D3-BF4B-00C04F79EFBC}") = "revision again", "revision again\revision again.csproj", "{38A97B14-0E5C-44E2-AFD5-EF21E5B3AEBD}"
EndProject
Global
	GlobalSection(SolutionConfigurationPlatforms) = preSolution
		Debug|Any CPU = Debug|Any CPU
		Release|Any CPU = Release|Any CPU
	EndGlobalSection
	GlobalSection(ProjectConfigurationPlatforms) = postSolution
		{38A97B14-0E5C-44E2-AFD5-EF21E5B3AEBD}.Debug|Any CPU.ActiveCfg = Debug|Any CPU
		{38A97B14-0E5C-44E2-AFD5-EF21E5B3AEBD}.Debug|Any CPU.Build.0 = Debug|Any CPU
		{38A97B14-0E5C-44E2-AFD5-EF21E5B3AEBD}.Release|Any CPU.ActiveCfg = Release|Any CPU
		{38A97B14-0E5C-44E2-AFD5-EF21E5B3AEBD}.Release|Any CPU.Build.0 = Release|Any CPU
	EndGlobalSection
	GlobalSection(SolutionProperties) = preSolution
		HideSolutionNode = FALSE
	EndGlobalSection
	GlobalSection(ExtensibilityGlobals) = postSolution
		SolutionGuid = {6EE33F6C-056C-4711-BBDC-4D74CE4EA936}
	EndGlobalSection
EndGlobal
