
Microsoft Visual Studio Solution File, Format Version 12.00
# Visual Studio Version 17
VisualStudioVersion = 17.6.33723.286
MinimumVisualStudioVersion = 10.0.40219.1
Project("{FAE04EC0-301F-11D3-BF4B-00C04F79EFBC}") = "OnlineBookShopping", "OnlineBookShopping\OnlineBookShopping.csproj", "{051886C0-5DE7-4D12-BEEE-C4F3373A6560}"
EndProject
Global
	GlobalSection(SolutionConfigurationPlatforms) = preSolution
		Debug|Any CPU = Debug|Any CPU
		Release|Any CPU = Release|Any CPU
	EndGlobalSection
	GlobalSection(ProjectConfigurationPlatforms) = postSolution
		{051886C0-5DE7-4D12-BEEE-C4F3373A6560}.Debug|Any CPU.ActiveCfg = Debug|Any CPU
		{051886C0-5DE7-4D12-BEEE-C4F3373A6560}.Debug|Any CPU.Build.0 = Debug|Any CPU
		{051886C0-5DE7-4D12-BEEE-C4F3373A6560}.Release|Any CPU.ActiveCfg = Release|Any CPU
		{051886C0-5DE7-4D12-BEEE-C4F3373A6560}.Release|Any CPU.Build.0 = Release|Any CPU
	EndGlobalSection
	GlobalSection(SolutionProperties) = preSolution
		HideSolutionNode = FALSE
	EndGlobalSection
	GlobalSection(ExtensibilityGlobals) = postSolution
		SolutionGuid = {351E75E6-967B-4976-A779-1DC8E5B96238}
	EndGlobalSection
EndGlobal
