
Microsoft Visual Studio Solution File, Format Version 12.00
# Visual Studio Version 17
VisualStudioVersion = 17.5.33502.453
MinimumVisualStudioVersion = 10.0.40219.1
Project("{FAE04EC0-301F-11D3-BF4B-00C04F79EFBC}") = "add sub method", "add sub method\add sub method.csproj", "{7A5758D6-FD87-484D-99B8-2589997DA12E}"
EndProject
Global
	GlobalSection(SolutionConfigurationPlatforms) = preSolution
		Debug|Any CPU = Debug|Any CPU
		Release|Any CPU = Release|Any CPU
	EndGlobalSection
	GlobalSection(ProjectConfigurationPlatforms) = postSolution
		{7A5758D6-FD87-484D-99B8-2589997DA12E}.Debug|Any CPU.ActiveCfg = Debug|Any CPU
		{7A5758D6-FD87-484D-99B8-2589997DA12E}.Debug|Any CPU.Build.0 = Debug|Any CPU
		{7A5758D6-FD87-484D-99B8-2589997DA12E}.Release|Any CPU.ActiveCfg = Release|Any CPU
		{7A5758D6-FD87-484D-99B8-2589997DA12E}.Release|Any CPU.Build.0 = Release|Any CPU
	EndGlobalSection
	GlobalSection(SolutionProperties) = preSolution
		HideSolutionNode = FALSE
	EndGlobalSection
	GlobalSection(ExtensibilityGlobals) = postSolution
		SolutionGuid = {11D08B0B-8CF2-46FA-928E-5E8902D2AFC1}
	EndGlobalSection
EndGlobal
