
Microsoft Visual Studio Solution File, Format Version 12.00
# Visual Studio Version 17
VisualStudioVersion = 17.5.33502.453
MinimumVisualStudioVersion = 10.0.40219.1
Project("{FAE04EC0-301F-11D3-BF4B-00C04F79EFBC}") = "sealed method", "sealed method\sealed method.csproj", "{5DABECD0-08B2-4C78-8633-26B1E63E0816}"
EndProject
Global
	GlobalSection(SolutionConfigurationPlatforms) = preSolution
		Debug|Any CPU = Debug|Any CPU
		Release|Any CPU = Release|Any CPU
	EndGlobalSection
	GlobalSection(ProjectConfigurationPlatforms) = postSolution
		{5DABECD0-08B2-4C78-8633-26B1E63E0816}.Debug|Any CPU.ActiveCfg = Debug|Any CPU
		{5DABECD0-08B2-4C78-8633-26B1E63E0816}.Debug|Any CPU.Build.0 = Debug|Any CPU
		{5DABECD0-08B2-4C78-8633-26B1E63E0816}.Release|Any CPU.ActiveCfg = Release|Any CPU
		{5DABECD0-08B2-4C78-8633-26B1E63E0816}.Release|Any CPU.Build.0 = Release|Any CPU
	EndGlobalSection
	GlobalSection(SolutionProperties) = preSolution
		HideSolutionNode = FALSE
	EndGlobalSection
	GlobalSection(ExtensibilityGlobals) = postSolution
		SolutionGuid = {35186532-4C11-4114-81A1-1CC3D3748533}
	EndGlobalSection
EndGlobal
