
Microsoft Visual Studio Solution File, Format Version 12.00
# Visual Studio Version 17
VisualStudioVersion = 17.5.33502.453
MinimumVisualStudioVersion = 10.0.40219.1
Project("{FAE04EC0-301F-11D3-BF4B-00C04F79EFBC}") = "short", "short\short.csproj", "{28603CC1-E444-4D7E-ABD2-3F7B2C2028F5}"
EndProject
Global
	GlobalSection(SolutionConfigurationPlatforms) = preSolution
		Debug|Any CPU = Debug|Any CPU
		Release|Any CPU = Release|Any CPU
	EndGlobalSection
	GlobalSection(ProjectConfigurationPlatforms) = postSolution
		{28603CC1-E444-4D7E-ABD2-3F7B2C2028F5}.Debug|Any CPU.ActiveCfg = Debug|Any CPU
		{28603CC1-E444-4D7E-ABD2-3F7B2C2028F5}.Debug|Any CPU.Build.0 = Debug|Any CPU
		{28603CC1-E444-4D7E-ABD2-3F7B2C2028F5}.Release|Any CPU.ActiveCfg = Release|Any CPU
		{28603CC1-E444-4D7E-ABD2-3F7B2C2028F5}.Release|Any CPU.Build.0 = Release|Any CPU
	EndGlobalSection
	GlobalSection(SolutionProperties) = preSolution
		HideSolutionNode = FALSE
	EndGlobalSection
	GlobalSection(ExtensibilityGlobals) = postSolution
		SolutionGuid = {F6AD5230-1FC3-4466-8AFC-A5B714181BB7}
	EndGlobalSection
EndGlobal
