
Microsoft Visual Studio Solution File, Format Version 12.00
# Visual Studio Version 17
VisualStudioVersion = 17.5.33502.453
MinimumVisualStudioVersion = 10.0.40219.1
Project("{FAE04EC0-301F-11D3-BF4B-00C04F79EFBC}") = "runtime poly ex of late binding", "runtime poly ex of late binding\runtime poly ex of late binding.csproj", "{5ABB5B54-6D5A-467E-ACDA-D89CB97631FD}"
EndProject
Global
	GlobalSection(SolutionConfigurationPlatforms) = preSolution
		Debug|Any CPU = Debug|Any CPU
		Release|Any CPU = Release|Any CPU
	EndGlobalSection
	GlobalSection(ProjectConfigurationPlatforms) = postSolution
		{5ABB5B54-6D5A-467E-ACDA-D89CB97631FD}.Debug|Any CPU.ActiveCfg = Debug|Any CPU
		{5ABB5B54-6D5A-467E-ACDA-D89CB97631FD}.Debug|Any CPU.Build.0 = Debug|Any CPU
		{5ABB5B54-6D5A-467E-ACDA-D89CB97631FD}.Release|Any CPU.ActiveCfg = Release|Any CPU
		{5ABB5B54-6D5A-467E-ACDA-D89CB97631FD}.Release|Any CPU.Build.0 = Release|Any CPU
	EndGlobalSection
	GlobalSection(SolutionProperties) = preSolution
		HideSolutionNode = FALSE
	EndGlobalSection
	GlobalSection(ExtensibilityGlobals) = postSolution
		SolutionGuid = {C36DBFD3-D0A6-4ADA-BF80-FADDCFAE5572}
	EndGlobalSection
EndGlobal
