
Microsoft Visual Studio Solution File, Format Version 12.00
# Visual Studio Version 17
VisualStudioVersion = 17.6.33723.286
MinimumVisualStudioVersion = 10.0.40219.1
Project("{FAE04EC0-301F-11D3-BF4B-00C04F79EFBC}") = "AddFirstandLast", "AddFirstandLast\AddFirstandLast.csproj", "{974D53B4-5958-4683-BC14-9D3E0F70558B}"
EndProject
Global
	GlobalSection(SolutionConfigurationPlatforms) = preSolution
		Debug|Any CPU = Debug|Any CPU
		Release|Any CPU = Release|Any CPU
	EndGlobalSection
	GlobalSection(ProjectConfigurationPlatforms) = postSolution
		{974D53B4-5958-4683-BC14-9D3E0F70558B}.Debug|Any CPU.ActiveCfg = Debug|Any CPU
		{974D53B4-5958-4683-BC14-9D3E0F70558B}.Debug|Any CPU.Build.0 = Debug|Any CPU
		{974D53B4-5958-4683-BC14-9D3E0F70558B}.Release|Any CPU.ActiveCfg = Release|Any CPU
		{974D53B4-5958-4683-BC14-9D3E0F70558B}.Release|Any CPU.Build.0 = Release|Any CPU
	EndGlobalSection
	GlobalSection(SolutionProperties) = preSolution
		HideSolutionNode = FALSE
	EndGlobalSection
	GlobalSection(ExtensibilityGlobals) = postSolution
		SolutionGuid = {47644B50-8A7E-43BF-A845-295EC30C82D3}
	EndGlobalSection
EndGlobal
