
Microsoft Visual Studio Solution File, Format Version 12.00
# Visual Studio Version 17
VisualStudioVersion = 17.5.33502.453
MinimumVisualStudioVersion = 10.0.40219.1
Project("{FAE04EC0-301F-11D3-BF4B-00C04F79EFBC}") = "printprimenorange", "printprimenorange\printprimenorange.csproj", "{72433F68-B021-44A4-921B-59D5BAD13A95}"
EndProject
Global
	GlobalSection(SolutionConfigurationPlatforms) = preSolution
		Debug|Any CPU = Debug|Any CPU
		Release|Any CPU = Release|Any CPU
	EndGlobalSection
	GlobalSection(ProjectConfigurationPlatforms) = postSolution
		{72433F68-B021-44A4-921B-59D5BAD13A95}.Debug|Any CPU.ActiveCfg = Debug|Any CPU
		{72433F68-B021-44A4-921B-59D5BAD13A95}.Debug|Any CPU.Build.0 = Debug|Any CPU
		{72433F68-B021-44A4-921B-59D5BAD13A95}.Release|Any CPU.ActiveCfg = Release|Any CPU
		{72433F68-B021-44A4-921B-59D5BAD13A95}.Release|Any CPU.Build.0 = Release|Any CPU
	EndGlobalSection
	GlobalSection(SolutionProperties) = preSolution
		HideSolutionNode = FALSE
	EndGlobalSection
	GlobalSection(ExtensibilityGlobals) = postSolution
		SolutionGuid = {28DEA933-9F88-4AD9-9ED1-1706A9270DFD}
	EndGlobalSection
EndGlobal
