
Microsoft Visual Studio Solution File, Format Version 12.00
# Visual Studio Version 17
VisualStudioVersion = 17.6.33723.286
MinimumVisualStudioVersion = 10.0.40219.1
Project("{FAE04EC0-301F-11D3-BF4B-00C04F79EFBC}") = "productlistmvc", "productlistmvc\productlistmvc.csproj", "{2CA9495A-2622-4F82-8DBC-BED8BDCA84CD}"
EndProject
Global
	GlobalSection(SolutionConfigurationPlatforms) = preSolution
		Debug|Any CPU = Debug|Any CPU
		Release|Any CPU = Release|Any CPU
	EndGlobalSection
	GlobalSection(ProjectConfigurationPlatforms) = postSolution
		{2CA9495A-2622-4F82-8DBC-BED8BDCA84CD}.Debug|Any CPU.ActiveCfg = Debug|Any CPU
		{2CA9495A-2622-4F82-8DBC-BED8BDCA84CD}.Debug|Any CPU.Build.0 = Debug|Any CPU
		{2CA9495A-2622-4F82-8DBC-BED8BDCA84CD}.Release|Any CPU.ActiveCfg = Release|Any CPU
		{2CA9495A-2622-4F82-8DBC-BED8BDCA84CD}.Release|Any CPU.Build.0 = Release|Any CPU
	EndGlobalSection
	GlobalSection(SolutionProperties) = preSolution
		HideSolutionNode = FALSE
	EndGlobalSection
	GlobalSection(ExtensibilityGlobals) = postSolution
		SolutionGuid = {1FA44689-A1D5-453D-888F-9466DD36EEBB}
	EndGlobalSection
EndGlobal
