
Microsoft Visual Studio Solution File, Format Version 12.00
# Visual Studio Version 17
VisualStudioVersion = 17.6.33723.286
MinimumVisualStudioVersion = 10.0.40219.1
Project("{FAE04EC0-301F-11D3-BF4B-00C04F79EFBC}") = "website2", "website2\website2.csproj", "{98F65093-DCE3-4A94-8E72-15C7CC7240E9}"
EndProject
Global
	GlobalSection(SolutionConfigurationPlatforms) = preSolution
		Debug|Any CPU = Debug|Any CPU
		Release|Any CPU = Release|Any CPU
	EndGlobalSection
	GlobalSection(ProjectConfigurationPlatforms) = postSolution
		{98F65093-DCE3-4A94-8E72-15C7CC7240E9}.Debug|Any CPU.ActiveCfg = Debug|Any CPU
		{98F65093-DCE3-4A94-8E72-15C7CC7240E9}.Debug|Any CPU.Build.0 = Debug|Any CPU
		{98F65093-DCE3-4A94-8E72-15C7CC7240E9}.Release|Any CPU.ActiveCfg = Release|Any CPU
		{98F65093-DCE3-4A94-8E72-15C7CC7240E9}.Release|Any CPU.Build.0 = Release|Any CPU
	EndGlobalSection
	GlobalSection(SolutionProperties) = preSolution
		HideSolutionNode = FALSE
	EndGlobalSection
	GlobalSection(ExtensibilityGlobals) = postSolution
		SolutionGuid = {C24C9A49-57BD-4147-A05E-F3A0E51893DD}
	EndGlobalSection
EndGlobal
