
Microsoft Visual Studio Solution File, Format Version 12.00
# Visual Studio Version 17
VisualStudioVersion = 17.6.33723.286
MinimumVisualStudioVersion = 10.0.40219.1
Project("{FAE04EC0-301F-11D3-BF4B-00C04F79EFBC}") = "dropdown2", "dropdown2\dropdown2.csproj", "{1D155FD4-0701-45B7-A9C0-66C30C49A46A}"
EndProject
Global
	GlobalSection(SolutionConfigurationPlatforms) = preSolution
		Debug|Any CPU = Debug|Any CPU
		Release|Any CPU = Release|Any CPU
	EndGlobalSection
	GlobalSection(ProjectConfigurationPlatforms) = postSolution
		{1D155FD4-0701-45B7-A9C0-66C30C49A46A}.Debug|Any CPU.ActiveCfg = Debug|Any CPU
		{1D155FD4-0701-45B7-A9C0-66C30C49A46A}.Debug|Any CPU.Build.0 = Debug|Any CPU
		{1D155FD4-0701-45B7-A9C0-66C30C49A46A}.Release|Any CPU.ActiveCfg = Release|Any CPU
		{1D155FD4-0701-45B7-A9C0-66C30C49A46A}.Release|Any CPU.Build.0 = Release|Any CPU
	EndGlobalSection
	GlobalSection(SolutionProperties) = preSolution
		HideSolutionNode = FALSE
	EndGlobalSection
	GlobalSection(ExtensibilityGlobals) = postSolution
		SolutionGuid = {17F5A5D8-E4B7-41C5-AAC4-4D00540670F7}
	EndGlobalSection
EndGlobal
