
Microsoft Visual Studio Solution File, Format Version 12.00
# Visual Studio Version 17
VisualStudioVersion = 17.5.33502.453
MinimumVisualStudioVersion = 10.0.40219.1
Project("{FAE04EC0-301F-11D3-BF4B-00C04F79EFBC}") = "primenoc#", "primenoc#\primenoc#.csproj", "{540F4FBB-E5B2-4696-8DB8-6C62FEBCFDEE}"
EndProject
Global
	GlobalSection(SolutionConfigurationPlatforms) = preSolution
		Debug|Any CPU = Debug|Any CPU
		Release|Any CPU = Release|Any CPU
	EndGlobalSection
	GlobalSection(ProjectConfigurationPlatforms) = postSolution
		{540F4FBB-E5B2-4696-8DB8-6C62FEBCFDEE}.Debug|Any CPU.ActiveCfg = Debug|Any CPU
		{540F4FBB-E5B2-4696-8DB8-6C62FEBCFDEE}.Debug|Any CPU.Build.0 = Debug|Any CPU
		{540F4FBB-E5B2-4696-8DB8-6C62FEBCFDEE}.Release|Any CPU.ActiveCfg = Release|Any CPU
		{540F4FBB-E5B2-4696-8DB8-6C62FEBCFDEE}.Release|Any CPU.Build.0 = Release|Any CPU
	EndGlobalSection
	GlobalSection(SolutionProperties) = preSolution
		HideSolutionNode = FALSE
	EndGlobalSection
	GlobalSection(ExtensibilityGlobals) = postSolution
		SolutionGuid = {039BEC82-9787-4B02-9726-B65E87758CEB}
	EndGlobalSection
EndGlobal
