
Microsoft Visual Studio Solution File, Format Version 12.00
# Visual Studio Version 17
VisualStudioVersion = 17.6.33723.286
MinimumVisualStudioVersion = 10.0.40219.1
Project("{FAE04EC0-301F-11D3-BF4B-00C04F79EFBC}") = "WebApplication1", "WebApplication1\WebApplication1.csproj", "{1756C221-74F8-4088-87E8-E968FA85B405}"
EndProject
Global
	GlobalSection(SolutionConfigurationPlatforms) = preSolution
		Debug|Any CPU = Debug|Any CPU
		Release|Any CPU = Release|Any CPU
	EndGlobalSection
	GlobalSection(ProjectConfigurationPlatforms) = postSolution
		{1756C221-74F8-4088-87E8-E968FA85B405}.Debug|Any CPU.ActiveCfg = Debug|Any CPU
		{1756C221-74F8-4088-87E8-E968FA85B405}.Debug|Any CPU.Build.0 = Debug|Any CPU
		{1756C221-74F8-4088-87E8-E968FA85B405}.Release|Any CPU.ActiveCfg = Release|Any CPU
		{1756C221-74F8-4088-87E8-E968FA85B405}.Release|Any CPU.Build.0 = Release|Any CPU
	EndGlobalSection
	GlobalSection(SolutionProperties) = preSolution
		HideSolutionNode = FALSE
	EndGlobalSection
	GlobalSection(ExtensibilityGlobals) = postSolution
		SolutionGuid = {876F18BD-364D-4CE5-AC53-F393E91FA80E}
	EndGlobalSection
EndGlobal
