
Microsoft Visual Studio Solution File, Format Version 12.00
# Visual Studio Version 17
VisualStudioVersion = 17.6.33723.286
MinimumVisualStudioVersion = 10.0.40219.1
Project("{FAE04EC0-301F-11D3-BF4B-00C04F79EFBC}") = "mkpits", "mkpits\mkpits.csproj", "{4C04BACD-5B11-4A15-B753-1A70497796E7}"
EndProject
Global
	GlobalSection(SolutionConfigurationPlatforms) = preSolution
		Debug|Any CPU = Debug|Any CPU
		Release|Any CPU = Release|Any CPU
	EndGlobalSection
	GlobalSection(ProjectConfigurationPlatforms) = postSolution
		{4C04BACD-5B11-4A15-B753-1A70497796E7}.Debug|Any CPU.ActiveCfg = Debug|Any CPU
		{4C04BACD-5B11-4A15-B753-1A70497796E7}.Debug|Any CPU.Build.0 = Debug|Any CPU
		{4C04BACD-5B11-4A15-B753-1A70497796E7}.Release|Any CPU.ActiveCfg = Release|Any CPU
		{4C04BACD-5B11-4A15-B753-1A70497796E7}.Release|Any CPU.Build.0 = Release|Any CPU
	EndGlobalSection
	GlobalSection(SolutionProperties) = preSolution
		HideSolutionNode = FALSE
	EndGlobalSection
	GlobalSection(ExtensibilityGlobals) = postSolution
		SolutionGuid = {1DBCE76F-814A-4DEF-A2EA-FAF6F30B7C5A}
	EndGlobalSection
EndGlobal
