
Microsoft Visual Studio Solution File, Format Version 12.00
# Visual Studio Version 17
VisualStudioVersion = 17.5.33502.453
MinimumVisualStudioVersion = 10.0.40219.1
Project("{FAE04EC0-301F-11D3-BF4B-00C04F79EFBC}") = "array csharp", "array csharp\array csharp.csproj", "{62BAD567-2585-48C0-AC1C-5730E8D4D5D4}"
EndProject
Global
	GlobalSection(SolutionConfigurationPlatforms) = preSolution
		Debug|Any CPU = Debug|Any CPU
		Release|Any CPU = Release|Any CPU
	EndGlobalSection
	GlobalSection(ProjectConfigurationPlatforms) = postSolution
		{62BAD567-2585-48C0-AC1C-5730E8D4D5D4}.Debug|Any CPU.ActiveCfg = Debug|Any CPU
		{62BAD567-2585-48C0-AC1C-5730E8D4D5D4}.Debug|Any CPU.Build.0 = Debug|Any CPU
		{62BAD567-2585-48C0-AC1C-5730E8D4D5D4}.Release|Any CPU.ActiveCfg = Release|Any CPU
		{62BAD567-2585-48C0-AC1C-5730E8D4D5D4}.Release|Any CPU.Build.0 = Release|Any CPU
	EndGlobalSection
	GlobalSection(SolutionProperties) = preSolution
		HideSolutionNode = FALSE
	EndGlobalSection
	GlobalSection(ExtensibilityGlobals) = postSolution
		SolutionGuid = {783F2A92-B262-4AFB-88F9-7FF77AB4920E}
	EndGlobalSection
EndGlobal
