
Microsoft Visual Studio Solution File, Format Version 12.00
# Visual Studio Version 17
VisualStudioVersion = 17.6.33723.286
MinimumVisualStudioVersion = 10.0.40219.1
Project("{FAE04EC0-301F-11D3-BF4B-00C04F79EFBC}") = "addtwo_textbox", "addtwo_textbox\addtwo_textbox.csproj", "{84473D7F-2772-4BB4-8096-31BC90ECB55D}"
EndProject
Global
	GlobalSection(SolutionConfigurationPlatforms) = preSolution
		Debug|Any CPU = Debug|Any CPU
		Release|Any CPU = Release|Any CPU
	EndGlobalSection
	GlobalSection(ProjectConfigurationPlatforms) = postSolution
		{84473D7F-2772-4BB4-8096-31BC90ECB55D}.Debug|Any CPU.ActiveCfg = Debug|Any CPU
		{84473D7F-2772-4BB4-8096-31BC90ECB55D}.Debug|Any CPU.Build.0 = Debug|Any CPU
		{84473D7F-2772-4BB4-8096-31BC90ECB55D}.Release|Any CPU.ActiveCfg = Release|Any CPU
		{84473D7F-2772-4BB4-8096-31BC90ECB55D}.Release|Any CPU.Build.0 = Release|Any CPU
	EndGlobalSection
	GlobalSection(SolutionProperties) = preSolution
		HideSolutionNode = FALSE
	EndGlobalSection
	GlobalSection(ExtensibilityGlobals) = postSolution
		SolutionGuid = {95422390-75D9-4696-B781-AEF9517CDA9E}
	EndGlobalSection
EndGlobal
