
Microsoft Visual Studio Solution File, Format Version 12.00
# Visual Studio Version 17
VisualStudioVersion = 17.6.33723.286
MinimumVisualStudioVersion = 10.0.40219.1
Project("{FAE04EC0-301F-11D3-BF4B-00C04F79EFBC}") = "collectionex2", "collectionex2\collectionex2.csproj", "{55DD4C09-DBAE-4FCF-911D-BA81FAFFEEA0}"
EndProject
Global
	GlobalSection(SolutionConfigurationPlatforms) = preSolution
		Debug|Any CPU = Debug|Any CPU
		Release|Any CPU = Release|Any CPU
	EndGlobalSection
	GlobalSection(ProjectConfigurationPlatforms) = postSolution
		{55DD4C09-DBAE-4FCF-911D-BA81FAFFEEA0}.Debug|Any CPU.ActiveCfg = Debug|Any CPU
		{55DD4C09-DBAE-4FCF-911D-BA81FAFFEEA0}.Debug|Any CPU.Build.0 = Debug|Any CPU
		{55DD4C09-DBAE-4FCF-911D-BA81FAFFEEA0}.Release|Any CPU.ActiveCfg = Release|Any CPU
		{55DD4C09-DBAE-4FCF-911D-BA81FAFFEEA0}.Release|Any CPU.Build.0 = Release|Any CPU
	EndGlobalSection
	GlobalSection(SolutionProperties) = preSolution
		HideSolutionNode = FALSE
	EndGlobalSection
	GlobalSection(ExtensibilityGlobals) = postSolution
		SolutionGuid = {0A6699FD-F317-4A88-836B-1ABD33924FDB}
	EndGlobalSection
EndGlobal
