
Microsoft Visual Studio Solution File, Format Version 12.00
# Visual Studio Version 17
VisualStudioVersion = 17.5.33502.453
MinimumVisualStudioVersion = 10.0.40219.1
Project("{FAE04EC0-301F-11D3-BF4B-00C04F79EFBC}") = "single level but same name class and child", "single level but same name class and child\single level but same name class and child.csproj", "{A019780F-4590-4343-A748-250B34BC7C76}"
EndProject
Global
	GlobalSection(SolutionConfigurationPlatforms) = preSolution
		Debug|Any CPU = Debug|Any CPU
		Release|Any CPU = Release|Any CPU
	EndGlobalSection
	GlobalSection(ProjectConfigurationPlatforms) = postSolution
		{A019780F-4590-4343-A748-250B34BC7C76}.Debug|Any CPU.ActiveCfg = Debug|Any CPU
		{A019780F-4590-4343-A748-250B34BC7C76}.Debug|Any CPU.Build.0 = Debug|Any CPU
		{A019780F-4590-4343-A748-250B34BC7C76}.Release|Any CPU.ActiveCfg = Release|Any CPU
		{A019780F-4590-4343-A748-250B34BC7C76}.Release|Any CPU.Build.0 = Release|Any CPU
	EndGlobalSection
	GlobalSection(SolutionProperties) = preSolution
		HideSolutionNode = FALSE
	EndGlobalSection
	GlobalSection(ExtensibilityGlobals) = postSolution
		SolutionGuid = {8D846A47-0D05-4011-9EA0-1451AE70F9BB}
	EndGlobalSection
EndGlobal
