
Microsoft Visual Studio Solution File, Format Version 12.00
# Visual Studio Version 17
VisualStudioVersion = 17.5.33502.453
MinimumVisualStudioVersion = 10.0.40219.1
Project("{FAE04EC0-301F-11D3-BF4B-00C04F79EFBC}") = "sort an array without using function", "sort an array without using function\sort an array without using function.csproj", "{F8B66D5B-6476-49DA-8B4A-1E5FC61D448A}"
EndProject
Global
	GlobalSection(SolutionConfigurationPlatforms) = preSolution
		Debug|Any CPU = Debug|Any CPU
		Release|Any CPU = Release|Any CPU
	EndGlobalSection
	GlobalSection(ProjectConfigurationPlatforms) = postSolution
		{F8B66D5B-6476-49DA-8B4A-1E5FC61D448A}.Debug|Any CPU.ActiveCfg = Debug|Any CPU
		{F8B66D5B-6476-49DA-8B4A-1E5FC61D448A}.Debug|Any CPU.Build.0 = Debug|Any CPU
		{F8B66D5B-6476-49DA-8B4A-1E5FC61D448A}.Release|Any CPU.ActiveCfg = Release|Any CPU
		{F8B66D5B-6476-49DA-8B4A-1E5FC61D448A}.Release|Any CPU.Build.0 = Release|Any CPU
	EndGlobalSection
	GlobalSection(SolutionProperties) = preSolution
		HideSolutionNode = FALSE
	EndGlobalSection
	GlobalSection(ExtensibilityGlobals) = postSolution
		SolutionGuid = {94A413A1-EE6A-4C91-8DF9-C25CB09A9CB6}
	EndGlobalSection
EndGlobal
