
Microsoft Visual Studio Solution File, Format Version 12.00
# Visual Studio Version 17
VisualStudioVersion = 17.6.33723.286
MinimumVisualStudioVersion = 10.0.40219.1
Project("{FAE04EC0-301F-11D3-BF4B-00C04F79EFBC}") = "CourseDetailsusingmvc", "CourseDetailsusingmvc\CourseDetailsusingmvc.csproj", "{965C0928-3F73-44D0-B4EB-22CDB19355D4}"
EndProject
Global
	GlobalSection(SolutionConfigurationPlatforms) = preSolution
		Debug|Any CPU = Debug|Any CPU
		Release|Any CPU = Release|Any CPU
	EndGlobalSection
	GlobalSection(ProjectConfigurationPlatforms) = postSolution
		{965C0928-3F73-44D0-B4EB-22CDB19355D4}.Debug|Any CPU.ActiveCfg = Debug|Any CPU
		{965C0928-3F73-44D0-B4EB-22CDB19355D4}.Debug|Any CPU.Build.0 = Debug|Any CPU
		{965C0928-3F73-44D0-B4EB-22CDB19355D4}.Release|Any CPU.ActiveCfg = Release|Any CPU
		{965C0928-3F73-44D0-B4EB-22CDB19355D4}.Release|Any CPU.Build.0 = Release|Any CPU
	EndGlobalSection
	GlobalSection(SolutionProperties) = preSolution
		HideSolutionNode = FALSE
	EndGlobalSection
	GlobalSection(ExtensibilityGlobals) = postSolution
		SolutionGuid = {A079328E-91BE-4D9E-B092-13291FBBF896}
	EndGlobalSection
EndGlobal
