
Microsoft Visual Studio Solution File, Format Version 12.00
# Visual Studio Version 17
VisualStudioVersion = 17.5.33502.453
MinimumVisualStudioVersion = 10.0.40219.1
Project("{FAE04EC0-301F-11D3-BF4B-00C04F79EFBC}") = "static methods", "static methods\static methods.csproj", "{1D2DFAEF-7934-48FC-8C30-BE0BFEE6711E}"
EndProject
Global
	GlobalSection(SolutionConfigurationPlatforms) = preSolution
		Debug|Any CPU = Debug|Any CPU
		Release|Any CPU = Release|Any CPU
	EndGlobalSection
	GlobalSection(ProjectConfigurationPlatforms) = postSolution
		{1D2DFAEF-7934-48FC-8C30-BE0BFEE6711E}.Debug|Any CPU.ActiveCfg = Debug|Any CPU
		{1D2DFAEF-7934-48FC-8C30-BE0BFEE6711E}.Debug|Any CPU.Build.0 = Debug|Any CPU
		{1D2DFAEF-7934-48FC-8C30-BE0BFEE6711E}.Release|Any CPU.ActiveCfg = Release|Any CPU
		{1D2DFAEF-7934-48FC-8C30-BE0BFEE6711E}.Release|Any CPU.Build.0 = Release|Any CPU
	EndGlobalSection
	GlobalSection(SolutionProperties) = preSolution
		HideSolutionNode = FALSE
	EndGlobalSection
	GlobalSection(ExtensibilityGlobals) = postSolution
		SolutionGuid = {281269D7-B9E6-4172-934B-1810457D7F71}
	EndGlobalSection
EndGlobal
