
Microsoft Visual Studio Solution File, Format Version 12.00
# Visual Studio Version 17
VisualStudioVersion = 17.5.33502.453
MinimumVisualStudioVersion = 10.0.40219.1
Project("{FAE04EC0-301F-11D3-BF4B-00C04F79EFBC}") = "fe11", "fe11\fe11.csproj", "{430C2BE5-B6FC-4028-8131-B4541ED93E62}"
EndProject
Global
	GlobalSection(SolutionConfigurationPlatforms) = preSolution
		Debug|Any CPU = Debug|Any CPU
		Release|Any CPU = Release|Any CPU
	EndGlobalSection
	GlobalSection(ProjectConfigurationPlatforms) = postSolution
		{430C2BE5-B6FC-4028-8131-B4541ED93E62}.Debug|Any CPU.ActiveCfg = Debug|Any CPU
		{430C2BE5-B6FC-4028-8131-B4541ED93E62}.Debug|Any CPU.Build.0 = Debug|Any CPU
		{430C2BE5-B6FC-4028-8131-B4541ED93E62}.Release|Any CPU.ActiveCfg = Release|Any CPU
		{430C2BE5-B6FC-4028-8131-B4541ED93E62}.Release|Any CPU.Build.0 = Release|Any CPU
	EndGlobalSection
	GlobalSection(SolutionProperties) = preSolution
		HideSolutionNode = FALSE
	EndGlobalSection
	GlobalSection(ExtensibilityGlobals) = postSolution
		SolutionGuid = {821E968D-DAD4-4B19-A072-B6B5C29108EA}
	EndGlobalSection
EndGlobal
