
Microsoft Visual Studio Solution File, Format Version 12.00
# Visual Studio Version 17
VisualStudioVersion = 17.5.33502.453
MinimumVisualStudioVersion = 10.0.40219.1
Project("{FAE04EC0-301F-11D3-BF4B-00C04F79EFBC}") = "movietecket", "movietecket\movietecket.csproj", "{735C3294-6ED4-46E8-AC9A-F1CE3BBF1C9F}"
EndProject
Global
	GlobalSection(SolutionConfigurationPlatforms) = preSolution
		Debug|Any CPU = Debug|Any CPU
		Release|Any CPU = Release|Any CPU
	EndGlobalSection
	GlobalSection(ProjectConfigurationPlatforms) = postSolution
		{735C3294-6ED4-46E8-AC9A-F1CE3BBF1C9F}.Debug|Any CPU.ActiveCfg = Debug|Any CPU
		{735C3294-6ED4-46E8-AC9A-F1CE3BBF1C9F}.Debug|Any CPU.Build.0 = Debug|Any CPU
		{735C3294-6ED4-46E8-AC9A-F1CE3BBF1C9F}.Release|Any CPU.ActiveCfg = Release|Any CPU
		{735C3294-6ED4-46E8-AC9A-F1CE3BBF1C9F}.Release|Any CPU.Build.0 = Release|Any CPU
	EndGlobalSection
	GlobalSection(SolutionProperties) = preSolution
		HideSolutionNode = FALSE
	EndGlobalSection
	GlobalSection(ExtensibilityGlobals) = postSolution
		SolutionGuid = {04B5E208-6DA2-4FBE-BBC0-AF5378687C8A}
	EndGlobalSection
EndGlobal
