
Microsoft Visual Studio Solution File, Format Version 12.00
# Visual Studio Version 17
VisualStudioVersion = 17.5.33502.453
MinimumVisualStudioVersion = 10.0.40219.1
Project("{FAE04EC0-301F-11D3-BF4B-00C04F79EFBC}") = "method prime", "method prime\method prime.csproj", "{E56C6113-8CEB-4174-8DDB-7E5E11E388C5}"
EndProject
Global
	GlobalSection(SolutionConfigurationPlatforms) = preSolution
		Debug|Any CPU = Debug|Any CPU
		Release|Any CPU = Release|Any CPU
	EndGlobalSection
	GlobalSection(ProjectConfigurationPlatforms) = postSolution
		{E56C6113-8CEB-4174-8DDB-7E5E11E388C5}.Debug|Any CPU.ActiveCfg = Debug|Any CPU
		{E56C6113-8CEB-4174-8DDB-7E5E11E388C5}.Debug|Any CPU.Build.0 = Debug|Any CPU
		{E56C6113-8CEB-4174-8DDB-7E5E11E388C5}.Release|Any CPU.ActiveCfg = Release|Any CPU
		{E56C6113-8CEB-4174-8DDB-7E5E11E388C5}.Release|Any CPU.Build.0 = Release|Any CPU
	EndGlobalSection
	GlobalSection(SolutionProperties) = preSolution
		HideSolutionNode = FALSE
	EndGlobalSection
	GlobalSection(ExtensibilityGlobals) = postSolution
		SolutionGuid = {C7BBFBCA-7198-4719-986A-E1FE3BBE73E0}
	EndGlobalSection
EndGlobal
