
Microsoft Visual Studio Solution File, Format Version 12.00
# Visual Studio Version 17
VisualStudioVersion = 17.5.33502.453
MinimumVisualStudioVersion = 10.0.40219.1
Project("{FAE04EC0-301F-11D3-BF4B-00C04F79EFBC}") = "square windows", "square windows\square windows.csproj", "{37552C90-4DA3-478B-995D-767F0B82B65D}"
EndProject
Global
	GlobalSection(SolutionConfigurationPlatforms) = preSolution
		Debug|Any CPU = Debug|Any CPU
		Release|Any CPU = Release|Any CPU
	EndGlobalSection
	GlobalSection(ProjectConfigurationPlatforms) = postSolution
		{37552C90-4DA3-478B-995D-767F0B82B65D}.Debug|Any CPU.ActiveCfg = Debug|Any CPU
		{37552C90-4DA3-478B-995D-767F0B82B65D}.Debug|Any CPU.Build.0 = Debug|Any CPU
		{37552C90-4DA3-478B-995D-767F0B82B65D}.Release|Any CPU.ActiveCfg = Release|Any CPU
		{37552C90-4DA3-478B-995D-767F0B82B65D}.Release|Any CPU.Build.0 = Release|Any CPU
	EndGlobalSection
	GlobalSection(SolutionProperties) = preSolution
		HideSolutionNode = FALSE
	EndGlobalSection
	GlobalSection(ExtensibilityGlobals) = postSolution
		SolutionGuid = {EBFC509C-38C4-4A4F-A217-997C70C35988}
	EndGlobalSection
EndGlobal
