
Microsoft Visual Studio Solution File, Format Version 12.00
# Visual Studio Version 17
VisualStudioVersion = 17.6.33723.286
MinimumVisualStudioVersion = 10.0.40219.1
Project("{FAE04EC0-301F-11D3-BF4B-00C04F79EFBC}") = "WebApiexample", "WebApiexample\WebApiexample.csproj", "{190C5D05-1CD1-4F13-B78C-BFFE7FA21FBE}"
EndProject
Global
	GlobalSection(SolutionConfigurationPlatforms) = preSolution
		Debug|Any CPU = Debug|Any CPU
		Release|Any CPU = Release|Any CPU
	EndGlobalSection
	GlobalSection(ProjectConfigurationPlatforms) = postSolution
		{190C5D05-1CD1-4F13-B78C-BFFE7FA21FBE}.Debug|Any CPU.ActiveCfg = Debug|Any CPU
		{190C5D05-1CD1-4F13-B78C-BFFE7FA21FBE}.Debug|Any CPU.Build.0 = Debug|Any CPU
		{190C5D05-1CD1-4F13-B78C-BFFE7FA21FBE}.Release|Any CPU.ActiveCfg = Release|Any CPU
		{190C5D05-1CD1-4F13-B78C-BFFE7FA21FBE}.Release|Any CPU.Build.0 = Release|Any CPU
	EndGlobalSection
	GlobalSection(SolutionProperties) = preSolution
		HideSolutionNode = FALSE
	EndGlobalSection
	GlobalSection(ExtensibilityGlobals) = postSolution
		SolutionGuid = {2F529965-AAF5-43AC-B42D-B5B239BB38A1}
	EndGlobalSection
EndGlobal
