
Microsoft Visual Studio Solution File, Format Version 12.00
# Visual Studio Version 17
VisualStudioVersion = 17.6.33723.286
MinimumVisualStudioVersion = 10.0.40219.1
Project("{FAE04EC0-301F-11D3-BF4B-00C04F79EFBC}") = "main_mvc_project", "main_mvc_project\main_mvc_project.csproj", "{165BA1E1-D4C6-496E-B8BF-E6D96B51B61D}"
EndProject
Global
	GlobalSection(SolutionConfigurationPlatforms) = preSolution
		Debug|Any CPU = Debug|Any CPU
		Release|Any CPU = Release|Any CPU
	EndGlobalSection
	GlobalSection(ProjectConfigurationPlatforms) = postSolution
		{165BA1E1-D4C6-496E-B8BF-E6D96B51B61D}.Debug|Any CPU.ActiveCfg = Debug|Any CPU
		{165BA1E1-D4C6-496E-B8BF-E6D96B51B61D}.Debug|Any CPU.Build.0 = Debug|Any CPU
		{165BA1E1-D4C6-496E-B8BF-E6D96B51B61D}.Release|Any CPU.ActiveCfg = Release|Any CPU
		{165BA1E1-D4C6-496E-B8BF-E6D96B51B61D}.Release|Any CPU.Build.0 = Release|Any CPU
	EndGlobalSection
	GlobalSection(SolutionProperties) = preSolution
		HideSolutionNode = FALSE
	EndGlobalSection
	GlobalSection(ExtensibilityGlobals) = postSolution
		SolutionGuid = {C6B392B4-6F1E-40F4-8662-9183DEC2D7F4}
	EndGlobalSection
EndGlobal
